
Microsoft Visual Studio Solution File, Format Version 12.00
# Visual Studio 2012
Project("{FAE04EC0-301F-11D3-BF4B-00C04F79EFBC}") = "TextEditer", "TextEditer\TextEditer.csproj", "{F4B9325C-6435-4DEE-9A6A-93783EF3919B}"
EndProject
Global
	GlobalSection(SolutionConfigurationPlatforms) = preSolution
		Debug|Any CPU = Debug|Any CPU
		Release|Any CPU = Release|Any CPU
	EndGlobalSection
	GlobalSection(ProjectConfigurationPlatforms) = postSolution
		{F4B9325C-6435-4DEE-9A6A-93783EF3919B}.Debug|Any CPU.ActiveCfg = Debug|Any CPU
		{F4B9325C-6435-4DEE-9A6A-93783EF3919B}.Debug|Any CPU.Build.0 = Debug|Any CPU
		{F4B9325C-6435-4DEE-9A6A-93783EF3919B}.Release|Any CPU.ActiveCfg = Release|Any CPU
		{F4B9325C-6435-4DEE-9A6A-93783EF3919B}.Release|Any CPU.Build.0 = Release|Any CPU
	EndGlobalSection
	GlobalSection(SolutionProperties) = preSolution
		HideSolutionNode = FALSE
	EndGlobalSection
EndGlobal
