
Microsoft Visual Studio Solution File, Format Version 12.00
# Visual Studio Version 16
VisualStudioVersion = 16.0.29519.87
MinimumVisualStudioVersion = 10.0.40219.1
Project("{FAE04EC0-301F-11D3-BF4B-00C04F79EFBC}") = "SmartHDD", "SmartHDD\SmartHDD.csproj", "{F222C5D7-69B9-41D5-B227-19AD923CCBE2}"
EndProject
Global
	GlobalSection(SolutionConfigurationPlatforms) = preSolution
		Debug|Any CPU = Debug|Any CPU
		Release|Any CPU = Release|Any CPU
	EndGlobalSection
	GlobalSection(ProjectConfigurationPlatforms) = postSolution
		{F222C5D7-69B9-41D5-B227-19AD923CCBE2}.Debug|Any CPU.ActiveCfg = Debug|Any CPU
		{F222C5D7-69B9-41D5-B227-19AD923CCBE2}.Debug|Any CPU.Build.0 = Debug|Any CPU
		{F222C5D7-69B9-41D5-B227-19AD923CCBE2}.Release|Any CPU.ActiveCfg = Release|Any CPU
		{F222C5D7-69B9-41D5-B227-19AD923CCBE2}.Release|Any CPU.Build.0 = Release|Any CPU
	EndGlobalSection
	GlobalSection(SolutionProperties) = preSolution
		HideSolutionNode = FALSE
	EndGlobalSection
	GlobalSection(ExtensibilityGlobals) = postSolution
		SolutionGuid = {4C2429E0-1D03-4E64-B002-E54F7539610C}
	EndGlobalSection
EndGlobal
