
Microsoft Visual Studio Solution File, Format Version 12.00
# Visual Studio Version 16
VisualStudioVersion = 16.0.29318.209
MinimumVisualStudioVersion = 10.0.40219.1
Project("{FAE04EC0-301F-11D3-BF4B-00C04F79EFBC}") = "CodeCalc", "CodeCalc\CodeCalc.csproj", "{94082EF6-F29D-4DD8-943A-37D959DDA8DB}"
EndProject
Global
	GlobalSection(SolutionConfigurationPlatforms) = preSolution
		Debug|Any CPU = Debug|Any CPU
		Release|Any CPU = Release|Any CPU
	EndGlobalSection
	GlobalSection(ProjectConfigurationPlatforms) = postSolution
		{94082EF6-F29D-4DD8-943A-37D959DDA8DB}.Debug|Any CPU.ActiveCfg = Debug|Any CPU
		{94082EF6-F29D-4DD8-943A-37D959DDA8DB}.Debug|Any CPU.Build.0 = Debug|Any CPU
		{94082EF6-F29D-4DD8-943A-37D959DDA8DB}.Release|Any CPU.ActiveCfg = Release|Any CPU
		{94082EF6-F29D-4DD8-943A-37D959DDA8DB}.Release|Any CPU.Build.0 = Release|Any CPU
	EndGlobalSection
	GlobalSection(SolutionProperties) = preSolution
		HideSolutionNode = FALSE
	EndGlobalSection
	GlobalSection(ExtensibilityGlobals) = postSolution
		SolutionGuid = {0527CE67-43EA-44A0-B788-15091D892848}
	EndGlobalSection
EndGlobal
